Microsoft Visual Studio Solution File, Format Version 12.00
# Visual Studio Version 17
VisualStudioVersion = 17.5.2.0
MinimumVisualStudioVersion = 10.0.40219.1
Project("{FAE04EC0-301F-11D3-BF4B-00C04F79EFBC}") = "lab-9-maze-part-2-3jamees", "lab-9-maze-part-2-3jamees.csproj", "{66686739-6E33-45CD-6667-A98671FDE363}"
EndProject
Global
	GlobalSection(SolutionConfigurationPlatforms) = preSolution
		Debug|Any CPU = Debug|Any CPU
		Release|Any CPU = Release|Any CPU
	EndGlobalSection
	GlobalSection(ProjectConfigurationPlatforms) = postSolution
		{66686739-6E33-45CD-6667-A98671FDE363}.Debug|Any CPU.ActiveCfg = Debug|Any CPU
		{66686739-6E33-45CD-6667-A98671FDE363}.Debug|Any CPU.Build.0 = Debug|Any CPU
		{66686739-6E33-45CD-6667-A98671FDE363}.Release|Any CPU.ActiveCfg = Release|Any CPU
		{66686739-6E33-45CD-6667-A98671FDE363}.Release|Any CPU.Build.0 = Release|Any CPU
	EndGlobalSection
	GlobalSection(SolutionProperties) = preSolution
		HideSolutionNode = FALSE
	EndGlobalSection
	GlobalSection(ExtensibilityGlobals) = postSolution
		SolutionGuid = {AA2790C7-9C95-4ABA-BCDD-DEA8C6C546B1}
	EndGlobalSection
EndGlobal
